// !$*UTF8*$!
{
	archiveVersion = 1;
	classes = {
	};
	objectVersion = 46;
	objects = {

/* Begin PBXBuildFile section */
		8899D6E62534321D00E1D36F /* WeakElement.swift in Sources */ = {isa = PBXBuildFile; fileRef = 8899D6CF2534321D00E1D36F /* WeakElement.swift */; };
		8899D6E72534321D00E1D36F /* MulticastDelegate.swift in Sources */ = {isa = PBXBuildFile; fileRef = 8899D6D02534321D00E1D36F /* MulticastDelegate.swift */; };
		8899D6E82534321D00E1D36F /* UIModalTransitionStyle+Helpers.swift in Sources */ = {isa = PBXBuildFile; fileRef = 8899D6D32534321D00E1D36F /* UIModalTransitionStyle+Helpers.swift */; };
		8899D6E92534321D00E1D36F /* UIBlurEffect+Helpers.swift in Sources */ = {isa = PBXBuildFile; fileRef = 8899D6D42534321D00E1D36F /* UIBlurEffect+Helpers.swift */; };
		8899D6EA2534321D00E1D36F /* UIView+Helpers.swift in Sources */ = {isa = PBXBuildFile; fileRef = 8899D6D52534321D00E1D36F /* UIView+Helpers.swift */; };
		8899D6EB2534321D00E1D36F /* UIModalPresentationStyle+Helpers.swift in Sources */ = {isa = PBXBuildFile; fileRef = 8899D6D62534321D00E1D36F /* UIModalPresentationStyle+Helpers.swift */; };
		8899D6EC2534321D00E1D36F /* KeyWindow+Helpers.swift in Sources */ = {isa = PBXBuildFile; fileRef = 8899D6D72534321D00E1D36F /* KeyWindow+Helpers.swift */; };
		8899D6ED2534321D00E1D36F /* RCTSwiftLog.m in Sources */ = {isa = PBXBuildFile; fileRef = 8899D6DA2534321D00E1D36F /* RCTSwiftLog.m */; };
		8899D6EE2534321D00E1D36F /* RCTLog.swift in Sources */ = {isa = PBXBuildFile; fileRef = 8899D6DB2534321D00E1D36F /* RCTLog.swift */; };
		8899D6EF2534321D00E1D36F /* RCTModalViewModule.swift in Sources */ = {isa = PBXBuildFile; fileRef = 8899D6DE2534321D00E1D36F /* RCTModalViewModule.swift */; };
		8899D6F02534321D00E1D36F /* RCTModalView.swift in Sources */ = {isa = PBXBuildFile; fileRef = 8899D6DF2534321D00E1D36F /* RCTModalView.swift */; };
		8899D6F12534321D00E1D36F /* RCTModalViewDelegate.swift in Sources */ = {isa = PBXBuildFile; fileRef = 8899D6E02534321D00E1D36F /* RCTModalViewDelegate.swift */; };
		8899D6F22534321D00E1D36F /* RCTModalViewManager.swift in Sources */ = {isa = PBXBuildFile; fileRef = 8899D6E12534321D00E1D36F /* RCTModalViewManager.swift */; };
		8899D6F32534321D00E1D36F /* RCTModalViewModule.m in Sources */ = {isa = PBXBuildFile; fileRef = 8899D6E22534321D00E1D36F /* RCTModalViewModule.m */; };
		8899D6F42534321D00E1D36F /* RCTModalViewError.swift in Sources */ = {isa = PBXBuildFile; fileRef = 8899D6E32534321D00E1D36F /* RCTModalViewError.swift */; };
		8899D6F52534321D00E1D36F /* RCTModalViewController.swift in Sources */ = {isa = PBXBuildFile; fileRef = 8899D6E42534321D00E1D36F /* RCTModalViewController.swift */; };
		8899D6F62534321D00E1D36F /* RCTModalViewManager.m in Sources */ = {isa = PBXBuildFile; fileRef = 8899D6E52534321D00E1D36F /* RCTModalViewManager.m */; };
/* End PBXBuildFile section */

/* Begin PBXCopyFilesBuildPhase section */
		58B511D91A9E6C8500147676 /* CopyFiles */ = {
			isa = PBXCopyFilesBuildPhase;
			buildActionMask = 2147483647;
			dstPath = "include/$(PRODUCT_NAME)";
			dstSubfolderSpec = 16;
			files = (
			);
			runOnlyForDeploymentPostprocessing = 0;
		};
/* End PBXCopyFilesBuildPhase section */

/* Begin PBXFileReference section */
		134814201AA4EA6300B7C361 /* libIosModal.a */ = {isa = PBXFileReference; explicitFileType = archive.ar; includeInIndex = 0; path = libIosModal.a; sourceTree = BUILT_PRODUCTS_DIR; };
		8899D6CF2534321D00E1D36F /* WeakElement.swift */ = {isa = PBXFileReference; fileEncoding = 4; lastKnownFileType = sourcecode.swift; path = WeakElement.swift; sourceTree = "<group>"; };
		8899D6D02534321D00E1D36F /* MulticastDelegate.swift */ = {isa = PBXFileReference; fileEncoding = 4; lastKnownFileType = sourcecode.swift; path = MulticastDelegate.swift; sourceTree = "<group>"; };
		8899D6D12534321D00E1D36F /* IosModal-Bridging-Header.h */ = {isa = PBXFileReference; fileEncoding = 4; lastKnownFileType = sourcecode.c.h; path = "IosModal-Bridging-Header.h"; sourceTree = "<group>"; };
		8899D6D32534321D00E1D36F /* UIModalTransitionStyle+Helpers.swift */ = {isa = PBXFileReference; fileEncoding = 4; lastKnownFileType = sourcecode.swift; path = "UIModalTransitionStyle+Helpers.swift"; sourceTree = "<group>"; };
		8899D6D42534321D00E1D36F /* UIBlurEffect+Helpers.swift */ = {isa = PBXFileReference; fileEncoding = 4; lastKnownFileType = sourcecode.swift; path = "UIBlurEffect+Helpers.swift"; sourceTree = "<group>"; };
		8899D6D52534321D00E1D36F /* UIView+Helpers.swift */ = {isa = PBXFileReference; fileEncoding = 4; lastKnownFileType = sourcecode.swift; path = "UIView+Helpers.swift"; sourceTree = "<group>"; };
		8899D6D62534321D00E1D36F /* UIModalPresentationStyle+Helpers.swift */ = {isa = PBXFileReference; fileEncoding = 4; lastKnownFileType = sourcecode.swift; path = "UIModalPresentationStyle+Helpers.swift"; sourceTree = "<group>"; };
		8899D6D72534321D00E1D36F /* KeyWindow+Helpers.swift */ = {isa = PBXFileReference; fileEncoding = 4; lastKnownFileType = sourcecode.swift; path = "KeyWindow+Helpers.swift"; sourceTree = "<group>"; };
		8899D6DA2534321D00E1D36F /* RCTSwiftLog.m */ = {isa = PBXFileReference; fileEncoding = 4; lastKnownFileType = sourcecode.c.objc; path = RCTSwiftLog.m; sourceTree = "<group>"; };
		8899D6DB2534321D00E1D36F /* RCTLog.swift */ = {isa = PBXFileReference; fileEncoding = 4; lastKnownFileType = sourcecode.swift; path = RCTLog.swift; sourceTree = "<group>"; };
		8899D6DC2534321D00E1D36F /* RCTSwiftLog.h */ = {isa = PBXFileReference; fileEncoding = 4; lastKnownFileType = sourcecode.c.h; path = RCTSwiftLog.h; sourceTree = "<group>"; };
		8899D6DE2534321D00E1D36F /* RCTModalViewModule.swift */ = {isa = PBXFileReference; fileEncoding = 4; lastKnownFileType = sourcecode.swift; path = RCTModalViewModule.swift; sourceTree = "<group>"; };
		8899D6DF2534321D00E1D36F /* RCTModalView.swift */ = {isa = PBXFileReference; fileEncoding = 4; lastKnownFileType = sourcecode.swift; path = RCTModalView.swift; sourceTree = "<group>"; };
		8899D6E02534321D00E1D36F /* RCTModalViewDelegate.swift */ = {isa = PBXFileReference; fileEncoding = 4; lastKnownFileType = sourcecode.swift; path = RCTModalViewDelegate.swift; sourceTree = "<group>"; };
		8899D6E12534321D00E1D36F /* RCTModalViewManager.swift */ = {isa = PBXFileReference; fileEncoding = 4; lastKnownFileType = sourcecode.swift; path = RCTModalViewManager.swift; sourceTree = "<group>"; };
		8899D6E22534321D00E1D36F /* RCTModalViewModule.m */ = {isa = PBXFileReference; fileEncoding = 4; lastKnownFileType = sourcecode.c.objc; path = RCTModalViewModule.m; sourceTree = "<group>"; };
		8899D6E32534321D00E1D36F /* RCTModalViewError.swift */ = {isa = PBXFileReference; fileEncoding = 4; lastKnownFileType = sourcecode.swift; path = RCTModalViewError.swift; sourceTree = "<group>"; };
		8899D6E42534321D00E1D36F /* RCTModalViewController.swift */ = {isa = PBXFileReference; fileEncoding = 4; lastKnownFileType = sourcecode.swift; path = RCTModalViewController.swift; sourceTree = "<group>"; };
		8899D6E52534321D00E1D36F /* RCTModalViewManager.m */ = {isa = PBXFileReference; fileEncoding = 4; lastKnownFileType = sourcecode.c.objc; path = RCTModalViewManager.m; sourceTree = "<group>"; };
/* End PBXFileReference section */

/* Begin PBXFrameworksBuildPhase section */
		58B511D81A9E6C8500147676 /* Frameworks */ = {
			isa = PBXFrameworksBuildPhase;
			buildActionMask = 2147483647;
			files = (
			);
			runOnlyForDeploymentPostprocessing = 0;
		};
/* End PBXFrameworksBuildPhase section */

/* Begin PBXGroup section */
		134814211AA4EA7D00B7C361 /* Products */ = {
			isa = PBXGroup;
			children = (
				134814201AA4EA6300B7C361 /* libIosModal.a */,
			);
			name = Products;
			sourceTree = "<group>";
		};
		58B511D21A9E6C8500147676 = {
			isa = PBXGroup;
			children = (
				8899D6CD2534321D00E1D36F /* src_library */,
				134814211AA4EA7D00B7C361 /* Products */,
			);
			sourceTree = "<group>";
		};
		8899D6CD2534321D00E1D36F /* src_library */ = {
			isa = PBXGroup;
			children = (
				8899D6CE2534321D00E1D36F /* Helpers+Utilities */,
				8899D6D12534321D00E1D36F /* IosModal-Bridging-Header.h */,
				8899D6D22534321D00E1D36F /* Extensions */,
				8899D6D82534321D00E1D36F /* React Native */,
			);
			path = src_library;
			sourceTree = "<group>";
		};
		8899D6CE2534321D00E1D36F /* Helpers+Utilities */ = {
			isa = PBXGroup;
			children = (
				8899D6CF2534321D00E1D36F /* WeakElement.swift */,
				8899D6D02534321D00E1D36F /* MulticastDelegate.swift */,
			);
			path = "Helpers+Utilities";
			sourceTree = "<group>";
		};
		8899D6D22534321D00E1D36F /* Extensions */ = {
			isa = PBXGroup;
			children = (
				8899D6D32534321D00E1D36F /* UIModalTransitionStyle+Helpers.swift */,
				8899D6D42534321D00E1D36F /* UIBlurEffect+Helpers.swift */,
				8899D6D52534321D00E1D36F /* UIView+Helpers.swift */,
				8899D6D62534321D00E1D36F /* UIModalPresentationStyle+Helpers.swift */,
				8899D6D72534321D00E1D36F /* KeyWindow+Helpers.swift */,
			);
			path = Extensions;
			sourceTree = "<group>";
		};
		8899D6D82534321D00E1D36F /* React Native */ = {
			isa = PBXGroup;
			children = (
				8899D6D92534321D00E1D36F /* RCTSwiftLog */,
				8899D6DD2534321D00E1D36F /* RCTModalView */,
			);
			path = "React Native";
			sourceTree = "<group>";
		};
		8899D6D92534321D00E1D36F /* RCTSwiftLog */ = {
			isa = PBXGroup;
			children = (
				8899D6DA2534321D00E1D36F /* RCTSwiftLog.m */,
				8899D6DB2534321D00E1D36F /* RCTLog.swift */,
				8899D6DC2534321D00E1D36F /* RCTSwiftLog.h */,
			);
			path = RCTSwiftLog;
			sourceTree = "<group>";
		};
		8899D6DD2534321D00E1D36F /* RCTModalView */ = {
			isa = PBXGroup;
			children = (
				8899D6DE2534321D00E1D36F /* RCTModalViewModule.swift */,
				8899D6DF2534321D00E1D36F /* RCTModalView.swift */,
				8899D6E02534321D00E1D36F /* RCTModalViewDelegate.swift */,
				8899D6E12534321D00E1D36F /* RCTModalViewManager.swift */,
				8899D6E22534321D00E1D36F /* RCTModalViewModule.m */,
				8899D6E32534321D00E1D36F /* RCTModalViewError.swift */,
				8899D6E42534321D00E1D36F /* RCTModalViewController.swift */,
				8899D6E52534321D00E1D36F /* RCTModalViewManager.m */,
			);
			path = RCTModalView;
			sourceTree = "<group>";
		};
/* End PBXGroup section */

/* Begin PBXNativeTarget section */
		58B511DA1A9E6C8500147676 /* IosModal */ = {
			isa = PBXNativeTarget;
			buildConfigurationList = 58B511EF1A9E6C8500147676 /* Build configuration list for PBXNativeTarget "IosModal" */;
			buildPhases = (
				58B511D71A9E6C8500147676 /* Sources */,
				58B511D81A9E6C8500147676 /* Frameworks */,
				58B511D91A9E6C8500147676 /* CopyFiles */,
			);
			buildRules = (
			);
			dependencies = (
			);
			name = IosModal;
			productName = RCTDataManager;
			productReference = 134814201AA4EA6300B7C361 /* libIosModal.a */;
			productType = "com.apple.product-type.library.static";
		};
/* End PBXNativeTarget section */

/* Begin PBXProject section */
		58B511D31A9E6C8500147676 /* Project object */ = {
			isa = PBXProject;
			attributes = {
				LastUpgradeCheck = 0920;
				ORGANIZATIONNAME = Facebook;
				TargetAttributes = {
					58B511DA1A9E6C8500147676 = {
						CreatedOnToolsVersion = 6.1.1;
					};
				};
			};
			buildConfigurationList = 58B511D61A9E6C8500147676 /* Build configuration list for PBXProject "IosModal" */;
			compatibilityVersion = "Xcode 3.2";
			developmentRegion = English;
			hasScannedForEncodings = 0;
			knownRegions = (
				English,
				en,
			);
			mainGroup = 58B511D21A9E6C8500147676;
			productRefGroup = 58B511D21A9E6C8500147676;
			projectDirPath = "";
			projectRoot = "";
			targets = (
				58B511DA1A9E6C8500147676 /* IosModal */,
			);
		};
/* End PBXProject section */

/* Begin PBXSourcesBuildPhase section */
		58B511D71A9E6C8500147676 /* Sources */ = {
			isa = PBXSourcesBuildPhase;
			buildActionMask = 2147483647;
			files = (
				8899D6ED2534321D00E1D36F /* RCTSwiftLog.m in Sources */,
				8899D6F22534321D00E1D36F /* RCTModalViewManager.swift in Sources */,
				8899D6EA2534321D00E1D36F /* UIView+Helpers.swift in Sources */,
				8899D6F62534321D00E1D36F /* RCTModalViewManager.m in Sources */,
				8899D6F02534321D00E1D36F /* RCTModalView.swift in Sources */,
				8899D6EF2534321D00E1D36F /* RCTModalViewModule.swift in Sources */,
				8899D6EB2534321D00E1D36F /* UIModalPresentationStyle+Helpers.swift in Sources */,
				8899D6E82534321D00E1D36F /* UIModalTransitionStyle+Helpers.swift in Sources */,
				8899D6EE2534321D00E1D36F /* RCTLog.swift in Sources */,
				8899D6EC2534321D00E1D36F /* KeyWindow+Helpers.swift in Sources */,
				8899D6E62534321D00E1D36F /* WeakElement.swift in Sources */,
				8899D6F12534321D00E1D36F /* RCTModalViewDelegate.swift in Sources */,
				8899D6E72534321D00E1D36F /* MulticastDelegate.swift in Sources */,
				8899D6F52534321D00E1D36F /* RCTModalViewController.swift in Sources */,
				8899D6F42534321D00E1D36F /* RCTModalViewError.swift in Sources */,
				8899D6F32534321D00E1D36F /* RCTModalViewModule.m in Sources */,
				8899D6E92534321D00E1D36F /* UIBlurEffect+Helpers.swift in Sources */,
			);
			runOnlyForDeploymentPostprocessing = 0;
		};
/* End PBXSourcesBuildPhase section */

/* Begin XCBuildConfiguration section */
		58B511ED1A9E6C8500147676 /* Debug */ = {
			isa = XCBuildConfiguration;
			buildSettings = {
				ALWAYS_SEARCH_USER_PATHS = NO;
				CLANG_CXX_LANGUAGE_STANDARD = "gnu++0x";
				CLANG_CXX_LIBRARY = "libc++";
				CLANG_ENABLE_MODULES = YES;
				CLANG_ENABLE_OBJC_ARC = YES;
				CLANG_WARN_BLOCK_CAPTURE_AUTORELEASING = YES;
				CLANG_WARN_BOOL_CONVERSION = YES;
				CLANG_WARN_COMMA = YES;
				CLANG_WARN_CONSTANT_CONVERSION = YES;
				CLANG_WARN_DIRECT_OBJC_ISA_USAGE = YES_ERROR;
				CLANG_WARN_EMPTY_BODY = YES;
				CLANG_WARN_ENUM_CONVERSION = YES;
				CLANG_WARN_INFINITE_RECURSION = YES;
				CLANG_WARN_INT_CONVERSION = YES;
				CLANG_WARN_NON_LITERAL_NULL_CONVERSION = YES;
				CLANG_WARN_OBJC_LITERAL_CONVERSION = YES;
				CLANG_WARN_OBJC_ROOT_CLASS = YES_ERROR;
				CLANG_WARN_RANGE_LOOP_ANALYSIS = YES;
				CLANG_WARN_STRICT_PROTOTYPES = YES;
				CLANG_WARN_SUSPICIOUS_MOVE = YES;
				CLANG_WARN_UNREACHABLE_CODE = YES;
				CLANG_WARN__DUPLICATE_METHOD_MATCH = YES;
				COPY_PHASE_STRIP = NO;
				ENABLE_STRICT_OBJC_MSGSEND = YES;
				ENABLE_TESTABILITY = YES;
				GCC_C_LANGUAGE_STANDARD = gnu99;
				GCC_DYNAMIC_NO_PIC = NO;
				GCC_NO_COMMON_BLOCKS = YES;
				GCC_OPTIMIZATION_LEVEL = 0;
				GCC_PREPROCESSOR_DEFINITIONS = (
					"DEBUG=1",
					"$(inherited)",
				);
				GCC_SYMBOLS_PRIVATE_EXTERN = NO;
				GCC_WARN_64_TO_32_BIT_CONVERSION = YES;
				GCC_WARN_ABOUT_RETURN_TYPE = YES_ERROR;
				GCC_WARN_UNDECLARED_SELECTOR = YES;
				GCC_WARN_UNINITIALIZED_AUTOS = YES_AGGRESSIVE;
				GCC_WARN_UNUSED_FUNCTION = YES;
				GCC_WARN_UNUSED_VARIABLE = YES;
				IPHONEOS_DEPLOYMENT_TARGET = 13.0;
				MTL_ENABLE_DEBUG_INFO = YES;
				ONLY_ACTIVE_ARCH = YES;
				"OTHER_SWIFT_FLAGS[arch=*]" = "-D DEBUG";
				SDKROOT = iphoneos;
			};
			name = Debug;
		};
		58B511EE1A9E6C8500147676 /* Release */ = {
			isa = XCBuildConfiguration;
			buildSettings = {
				ALWAYS_SEARCH_USER_PATHS = NO;
				CLANG_CXX_LANGUAGE_STANDARD = "gnu++0x";
				CLANG_CXX_LIBRARY = "libc++";
				CLANG_ENABLE_MODULES = YES;
				CLANG_ENABLE_OBJC_ARC = YES;
				CLANG_WARN_BLOCK_CAPTURE_AUTORELEASING = YES;
				CLANG_WARN_BOOL_CONVERSION = YES;
				CLANG_WARN_COMMA = YES;
				CLANG_WARN_CONSTANT_CONVERSION = YES;
				CLANG_WARN_DIRECT_OBJC_ISA_USAGE = YES_ERROR;
				CLANG_WARN_EMPTY_BODY = YES;
				CLANG_WARN_ENUM_CONVERSION = YES;
				CLANG_WARN_INFINITE_RECURSION = YES;
				CLANG_WARN_INT_CONVERSION = YES;
				CLANG_WARN_NON_LITERAL_NULL_CONVERSION = YES;
				CLANG_WARN_OBJC_LITERAL_CONVERSION = YES;
				CLANG_WARN_OBJC_ROOT_CLASS = YES_ERROR;
				CLANG_WARN_RANGE_LOOP_ANALYSIS = YES;
				CLANG_WARN_STRICT_PROTOTYPES = YES;
				CLANG_WARN_SUSPICIOUS_MOVE = YES;
				CLANG_WARN_UNREACHABLE_CODE = YES;
				CLANG_WARN__DUPLICATE_METHOD_MATCH = YES;
				COPY_PHASE_STRIP = YES;
				ENABLE_NS_ASSERTIONS = NO;
				ENABLE_STRICT_OBJC_MSGSEND = YES;
				GCC_C_LANGUAGE_STANDARD = gnu99;
				GCC_NO_COMMON_BLOCKS = YES;
				GCC_WARN_64_TO_32_BIT_CONVERSION = YES;
				GCC_WARN_ABOUT_RETURN_TYPE = YES_ERROR;
				GCC_WARN_UNDECLARED_SELECTOR = YES;
				GCC_WARN_UNINITIALIZED_AUTOS = YES_AGGRESSIVE;
				GCC_WARN_UNUSED_FUNCTION = YES;
				GCC_WARN_UNUSED_VARIABLE = YES;
				IPHONEOS_DEPLOYMENT_TARGET = 13.0;
				MTL_ENABLE_DEBUG_INFO = NO;
				SDKROOT = iphoneos;
				VALIDATE_PRODUCT = YES;
			};
			name = Release;
		};
		58B511F01A9E6C8500147676 /* Debug */ = {
			isa = XCBuildConfiguration;
			buildSettings = {
				HEADER_SEARCH_PATHS = (
					"$(inherited)",
					/Applications/Xcode.app/Contents/Developer/Toolchains/XcodeDefault.xctoolchain/usr/include,
					"$(SRCROOT)/../../../React/**",
					"$(SRCROOT)/../../react-native/React/**",
				);
				LIBRARY_SEARCH_PATHS = "$(inherited)";
				OTHER_LDFLAGS = "-ObjC";
				PRODUCT_NAME = IosModal;
				SKIP_INSTALL = YES;
				SWIFT_OBJC_BRIDGING_HEADER = "src_library/IosModal-Bridging-Header.h";
				SWIFT_OPTIMIZATION_LEVEL = "-Onone";
				SWIFT_VERSION = 5.0;
			};
			name = Debug;
		};
		58B511F11A9E6C8500147676 /* Release */ = {
			isa = XCBuildConfiguration;
			buildSettings = {
				HEADER_SEARCH_PATHS = (
					"$(inherited)",
					/Applications/Xcode.app/Contents/Developer/Toolchains/XcodeDefault.xctoolchain/usr/include,
					"$(SRCROOT)/../../../React/**",
					"$(SRCROOT)/../../react-native/React/**",
				);
				LIBRARY_SEARCH_PATHS = "$(inherited)";
				OTHER_LDFLAGS = "-ObjC";
				PRODUCT_NAME = IosModal;
				SKIP_INSTALL = YES;
				SWIFT_OBJC_BRIDGING_HEADER = "src_library/IosModal-Bridging-Header.h";
				SWIFT_VERSION = 5.0;
			};
			name = Release;
		};
/* End XCBuildConfiguration section */

/* Begin XCConfigurationList section */
		58B511D61A9E6C8500147676 /* Build configuration list for PBXProject "IosModal" */ = {
			isa = XCConfigurationList;
			buildConfigurations = (
				58B511ED1A9E6C8500147676 /* Debug */,
				58B511EE1A9E6C8500147676 /* Release */,
			);
			defaultConfigurationIsVisible = 0;
			defaultConfigurationName = Release;
		};
		58B511EF1A9E6C8500147676 /* Build configuration list for PBXNativeTarget "IosModal" */ = {
			isa = XCConfigurationList;
			buildConfigurations = (
				58B511F01A9E6C8500147676 /* Debug */,
				58B511F11A9E6C8500147676 /* Release */,
			);
			defaultConfigurationIsVisible = 0;
			defaultConfigurationName = Release;
		};
/* End XCConfigurationList section */
	};
	rootObject = 58B511D31A9E6C8500147676 /* Project object */;
}
