// !$*UTF8*$!
{
	archiveVersion = 1;
	classes = {
	};
	objectVersion = 56;
	objects = {

/* Begin PBXBuildFile section */
		88203DC12A122AC20088C8E2 /* RNIDynamicModal.swift in Sources */ = {isa = PBXBuildFile; fileRef = 88203DC02A122AC20088C8E2 /* RNIDynamicModal.swift */; };
		88B7D0EF29C593F400490628 /* AppDelegate.swift in Sources */ = {isa = PBXBuildFile; fileRef = 88B7D0EE29C593F400490628 /* AppDelegate.swift */; };
		88B7D0F129C593F400490628 /* SceneDelegate.swift in Sources */ = {isa = PBXBuildFile; fileRef = 88B7D0F029C593F400490628 /* SceneDelegate.swift */; };
		88B7D0F829C593F600490628 /* Assets.xcassets in Resources */ = {isa = PBXBuildFile; fileRef = 88B7D0F729C593F600490628 /* Assets.xcassets */; };
		88B7D0FB29C593F600490628 /* LaunchScreen.storyboard in Resources */ = {isa = PBXBuildFile; fileRef = 88B7D0F929C593F600490628 /* LaunchScreen.storyboard */; };
		88D016602A14C86B004664D2 /* RootViewController.swift in Sources */ = {isa = PBXBuildFile; fileRef = 88D0165F2A14C86B004664D2 /* RootViewController.swift */; };
		88D0168D2A1730B1004664D2 /* RNILayoutTestViewController.swift in Sources */ = {isa = PBXBuildFile; fileRef = 88D0168C2A1730B1004664D2 /* RNILayoutTestViewController.swift */; };
		88D0169E2A1B0DD3004664D2 /* RNIDraggableTestViewController.swift in Sources */ = {isa = PBXBuildFile; fileRef = 88D0169D2A1B0DD3004664D2 /* RNIDraggableTestViewController.swift */; };
		88D018152A1B302F004664D2 /* WeakElement.swift in Sources */ = {isa = PBXBuildFile; fileRef = 88D017902A1B302F004664D2 /* WeakElement.swift */; };
		88D018162A1B3030004664D2 /* CGSize+Helpers.swift in Sources */ = {isa = PBXBuildFile; fileRef = 88D017912A1B302F004664D2 /* CGSize+Helpers.swift */; };
		88D018212A1B3030004664D2 /* CAGradientLayerType+Init.swift in Sources */ = {isa = PBXBuildFile; fileRef = 88D0179F2A1B302F004664D2 /* CAGradientLayerType+Init.swift */; };
		88D018222A1B3030004664D2 /* UIImage+Init.swift in Sources */ = {isa = PBXBuildFile; fileRef = 88D017A02A1B302F004664D2 /* UIImage+Init.swift */; };
		88D018232A1B3030004664D2 /* RNINavigationEventsReportingViewController.swift in Sources */ = {isa = PBXBuildFile; fileRef = 88D017A32A1B302F004664D2 /* RNINavigationEventsReportingViewController.swift */; };
		88D018242A1B3030004664D2 /* RNINavigationEventsNotifiable.swift in Sources */ = {isa = PBXBuildFile; fileRef = 88D017A42A1B302F004664D2 /* RNINavigationEventsNotifiable.swift */; };
		88D018252A1B3030004664D2 /* UIViewController+Helpers.swift in Sources */ = {isa = PBXBuildFile; fileRef = 88D017A62A1B302F004664D2 /* UIViewController+Helpers.swift */; };
		88D018262A1B3030004664D2 /* UIColor+Helpers.swift in Sources */ = {isa = PBXBuildFile; fileRef = 88D017A72A1B302F004664D2 /* UIColor+Helpers.swift */; };
		88D018272A1B3030004664D2 /* RNIInternalCleanupMode.swift in Sources */ = {isa = PBXBuildFile; fileRef = 88D017A92A1B302F004664D2 /* RNIInternalCleanupMode.swift */; };
		88D018282A1B3030004664D2 /* RNICleanable.swift in Sources */ = {isa = PBXBuildFile; fileRef = 88D017AA2A1B302F004664D2 /* RNICleanable.swift */; };
		88D018292A1B3030004664D2 /* RNICleanupMode.swift in Sources */ = {isa = PBXBuildFile; fileRef = 88D017AB2A1B302F004664D2 /* RNICleanupMode.swift */; };
		88D018332A1B3030004664D2 /* RNIJSComponentWillUnmountNotifiable.swift in Sources */ = {isa = PBXBuildFile; fileRef = 88D017B92A1B302F004664D2 /* RNIJSComponentWillUnmountNotifiable.swift */; };
		88D018342A1B3030004664D2 /* UIModalPresentationStyle+Init.swift in Sources */ = {isa = PBXBuildFile; fileRef = 88D017BC2A1B302F004664D2 /* UIModalPresentationStyle+Init.swift */; };
		88D018352A1B3030004664D2 /* UIBlurEffect+Init.swift in Sources */ = {isa = PBXBuildFile; fileRef = 88D017BD2A1B302F004664D2 /* UIBlurEffect+Init.swift */; };
		88D018362A1B3030004664D2 /* CGSize+Init.swift in Sources */ = {isa = PBXBuildFile; fileRef = 88D017BE2A1B302F004664D2 /* CGSize+Init.swift */; };
		88D018372A1B3030004664D2 /* UISheetPresentationController+Init.swift in Sources */ = {isa = PBXBuildFile; fileRef = 88D017BF2A1B302F004664D2 /* UISheetPresentationController+Init.swift */; };
		88D018382A1B3030004664D2 /* UIModalTransitionStyle+Helpers.swift in Sources */ = {isa = PBXBuildFile; fileRef = 88D017C12A1B302F004664D2 /* UIModalTransitionStyle+Helpers.swift */; };
		88D018392A1B3030004664D2 /* FloatingPoint+Clamping.swift in Sources */ = {isa = PBXBuildFile; fileRef = 88D017C22A1B302F004664D2 /* FloatingPoint+Clamping.swift */; };
		88D0183A2A1B3030004664D2 /* CAAnimation+Helpers.swift in Sources */ = {isa = PBXBuildFile; fileRef = 88D017C32A1B302F004664D2 /* CAAnimation+Helpers.swift */; };
		88D0183B2A1B3030004664D2 /* Collection+Helpers.swift in Sources */ = {isa = PBXBuildFile; fileRef = 88D017C42A1B302F004664D2 /* Collection+Helpers.swift */; };
		88D0183C2A1B3030004664D2 /* UIWindow+Helpers.swift in Sources */ = {isa = PBXBuildFile; fileRef = 88D017C52A1B302F004664D2 /* UIWindow+Helpers.swift */; };
		88D0183D2A1B3030004664D2 /* UIView+Helpers.swift in Sources */ = {isa = PBXBuildFile; fileRef = 88D017C62A1B302F004664D2 /* UIView+Helpers.swift */; };
		88D0183E2A1B3030004664D2 /* CAAnimation+Block.swift in Sources */ = {isa = PBXBuildFile; fileRef = 88D017C72A1B302F004664D2 /* CAAnimation+Block.swift */; };
		88D0183F2A1B3030004664D2 /* CGRect+Helpers.swift in Sources */ = {isa = PBXBuildFile; fileRef = 88D017C82A1B302F004664D2 /* CGRect+Helpers.swift */; };
		88D018402A1B3030004664D2 /* Encodable+Helpers.swift in Sources */ = {isa = PBXBuildFile; fileRef = 88D017C92A1B302F004664D2 /* Encodable+Helpers.swift */; };
		88D018412A1B3030004664D2 /* KeyWindow+Helpers.swift in Sources */ = {isa = PBXBuildFile; fileRef = 88D017CA2A1B302F004664D2 /* KeyWindow+Helpers.swift */; };
		88D018432A1B3030004664D2 /* UIGestureRecognizer+Helpers.swift in Sources */ = {isa = PBXBuildFile; fileRef = 88D017CC2A1B302F004664D2 /* UIGestureRecognizer+Helpers.swift */; };
		88D018452A1B3030004664D2 /* RNIDictionarySynthesizable.swift in Sources */ = {isa = PBXBuildFile; fileRef = 88D017D02A1B302F004664D2 /* RNIDictionarySynthesizable.swift */; };
		88D018462A1B3030004664D2 /* RNIDictionaryRepresentable.swift in Sources */ = {isa = PBXBuildFile; fileRef = 88D017D12A1B302F004664D2 /* RNIDictionaryRepresentable.swift */; };
		88D018472A1B3030004664D2 /* RNIDictionarySynthesizable+Default.swift in Sources */ = {isa = PBXBuildFile; fileRef = 88D017D22A1B302F004664D2 /* RNIDictionarySynthesizable+Default.swift */; };
		88D0184A2A1B3030004664D2 /* RNILayout.swift in Sources */ = {isa = PBXBuildFile; fileRef = 88D017D72A1B302F004664D2 /* RNILayout.swift */; };
		88D0184B2A1B3030004664D2 /* RNIAnimatorSize.swift in Sources */ = {isa = PBXBuildFile; fileRef = 88D017D92A1B302F004664D2 /* RNIAnimatorSize.swift */; };
		88D0184C2A1B3030004664D2 /* RNIAnimator.swift in Sources */ = {isa = PBXBuildFile; fileRef = 88D017DA2A1B302F004664D2 /* RNIAnimator.swift */; };
		88D018522A1B3030004664D2 /* CAAnimationMulticastDelegate.swift in Sources */ = {isa = PBXBuildFile; fileRef = 88D017E22A1B302F004664D2 /* CAAnimationMulticastDelegate.swift */; };
		88D018532A1B3030004664D2 /* RNIMulticastDelegate.swift in Sources */ = {isa = PBXBuildFile; fileRef = 88D017E32A1B302F004664D2 /* RNIMulticastDelegate.swift */; };
		88D018542A1B3030004664D2 /* RNIWeakArray.swift in Sources */ = {isa = PBXBuildFile; fileRef = 88D017E52A1B302F004664D2 /* RNIWeakArray.swift */; };
		88D018552A1B3030004664D2 /* RNIWeakRef.swift in Sources */ = {isa = PBXBuildFile; fileRef = 88D017E62A1B302F004664D2 /* RNIWeakRef.swift */; };
		88D018562A1B3030004664D2 /* RNIWeakDictionary.swift in Sources */ = {isa = PBXBuildFile; fileRef = 88D017E72A1B302F004664D2 /* RNIWeakDictionary.swift */; };
		88D018572A1B3030004664D2 /* RNIObjectMetadata+Default.swift in Sources */ = {isa = PBXBuildFile; fileRef = 88D017E92A1B302F004664D2 /* RNIObjectMetadata+Default.swift */; };
		88D018582A1B3030004664D2 /* RNIObjectMetadata.swift in Sources */ = {isa = PBXBuildFile; fileRef = 88D017EA2A1B302F004664D2 /* RNIObjectMetadata.swift */; };
		88D0185B2A1B3030004664D2 /* RNIIdentifiable+Default.swift in Sources */ = {isa = PBXBuildFile; fileRef = 88D017EF2A1B302F004664D2 /* RNIIdentifiable+Default.swift */; };
		88D0185C2A1B3030004664D2 /* RNIObjectIdentifier.swift in Sources */ = {isa = PBXBuildFile; fileRef = 88D017F02A1B302F004664D2 /* RNIObjectIdentifier.swift */; };
		88D0185D2A1B3030004664D2 /* RNIIdentifiable.swift in Sources */ = {isa = PBXBuildFile; fileRef = 88D017F12A1B302F004664D2 /* RNIIdentifiable.swift */; };
		88D018642A1B3030004664D2 /* RNIViewControllerLifeCycleNotifiable.swift in Sources */ = {isa = PBXBuildFile; fileRef = 88D017FA2A1B302F004664D2 /* RNIViewControllerLifeCycleNotifiable.swift */; };
		88D018652A1B3030004664D2 /* RNIViewControllerLifeCycleNotifiable+Default.swift in Sources */ = {isa = PBXBuildFile; fileRef = 88D017FC2A1B302F004664D2 /* RNIViewControllerLifeCycleNotifiable+Default.swift */; };
		88D018672A1B3030004664D2 /* RNIModalEventData.swift in Sources */ = {isa = PBXBuildFile; fileRef = 88D017FF2A1B302F004664D2 /* RNIModalEventData.swift */; };
		88D018682A1B3030004664D2 /* RNIModalPresentationTrigger.swift in Sources */ = {isa = PBXBuildFile; fileRef = 88D018002A1B302F004664D2 /* RNIModalPresentationTrigger.swift */; };
		88D0186A2A1B3030004664D2 /* RNIModalData.swift in Sources */ = {isa = PBXBuildFile; fileRef = 88D018022A1B302F004664D2 /* RNIModalData.swift */; };
		88D0186B2A1B3030004664D2 /* RNIModalPresentationNotifiable.swift in Sources */ = {isa = PBXBuildFile; fileRef = 88D018032A1B302F004664D2 /* RNIModalPresentationNotifiable.swift */; };
		88D0186C2A1B3030004664D2 /* RNIModal.swift in Sources */ = {isa = PBXBuildFile; fileRef = 88D018042A1B302F004664D2 /* RNIModal.swift */; };
		88D018702A1B3030004664D2 /* RNIModalFlags.swift in Sources */ = {isa = PBXBuildFile; fileRef = 88D018082A1B302F004664D2 /* RNIModalFlags.swift */; };
		88D018712A1B3030004664D2 /* RNIModalPresentationState.swift in Sources */ = {isa = PBXBuildFile; fileRef = 88D018092A1B302F004664D2 /* RNIModalPresentationState.swift */; };
		88D018732A1B3030004664D2 /* RNIModalCustomSheetDetent.swift in Sources */ = {isa = PBXBuildFile; fileRef = 88D0180B2A1B302F004664D2 /* RNIModalCustomSheetDetent.swift */; };
		88D018742A1B3030004664D2 /* RNIModalFocusState.swift in Sources */ = {isa = PBXBuildFile; fileRef = 88D0180C2A1B302F004664D2 /* RNIModalFocusState.swift */; };
		88D018762A1B3030004664D2 /* RNIComputableSizeMode.swift in Sources */ = {isa = PBXBuildFile; fileRef = 88D0180F2A1B302F004664D2 /* RNIComputableSizeMode.swift */; };
		88D018772A1B3030004664D2 /* RNIComputableValue.swift in Sources */ = {isa = PBXBuildFile; fileRef = 88D018102A1B302F004664D2 /* RNIComputableValue.swift */; };
		88D018782A1B3030004664D2 /* RNIComputableSize.swift in Sources */ = {isa = PBXBuildFile; fileRef = 88D018112A1B302F004664D2 /* RNIComputableSize.swift */; };
		88D018792A1B3030004664D2 /* RNIComputableValueMode.swift in Sources */ = {isa = PBXBuildFile; fileRef = 88D018122A1B302F004664D2 /* RNIComputableValueMode.swift */; };
		88D0187A2A1B3030004664D2 /* RNIComputableOffset.swift in Sources */ = {isa = PBXBuildFile; fileRef = 88D018132A1B302F004664D2 /* RNIComputableOffset.swift */; };
		88D0187C2A1B32E6004664D2 /* TestRoutes.swift in Sources */ = {isa = PBXBuildFile; fileRef = 88D0187B2A1B32E6004664D2 /* TestRoutes.swift */; };
		88D0187E2A1B6CB3004664D2 /* BlurEffectTestViewController.swift in Sources */ = {isa = PBXBuildFile; fileRef = 88D0187D2A1B6CB3004664D2 /* BlurEffectTestViewController.swift */; };
		88D018822A1D09DD004664D2 /* AdaptiveModalAnimationConfig.swift in Sources */ = {isa = PBXBuildFile; fileRef = 88D018812A1D09DD004664D2 /* AdaptiveModalAnimationConfig.swift */; };
		88D018862A1D0A1D004664D2 /* AdaptiveModalSnapPoint.swift in Sources */ = {isa = PBXBuildFile; fileRef = 88D018852A1D0A1D004664D2 /* AdaptiveModalSnapPoint.swift */; };
		88D018882A1D0A36004664D2 /* AdaptiveModalConfig.swift in Sources */ = {isa = PBXBuildFile; fileRef = 88D018872A1D0A36004664D2 /* AdaptiveModalConfig.swift */; };
		88D0188A2A1DAEE6004664D2 /* AdaptiveModalSnapPointPreset.swift in Sources */ = {isa = PBXBuildFile; fileRef = 88D018892A1DAEE6004664D2 /* AdaptiveModalSnapPointPreset.swift */; };
		88D0188C2A1DB02E004664D2 /* AdaptiveModalEntranceConfig.swift in Sources */ = {isa = PBXBuildFile; fileRef = 88D0188B2A1DB02E004664D2 /* AdaptiveModalEntranceConfig.swift */; };
/* End PBXBuildFile section */

/* Begin PBXFileReference section */
		88203DC02A122AC20088C8E2 /* RNIDynamicModal.swift */ = {isa = PBXFileReference; lastKnownFileType = sourcecode.swift; path = RNIDynamicModal.swift; sourceTree = "<group>"; };
		88B7D0EB29C593F400490628 /* swift-programmatic-modal.app */ = {isa = PBXFileReference; explicitFileType = wrapper.application; includeInIndex = 0; path = "swift-programmatic-modal.app"; sourceTree = BUILT_PRODUCTS_DIR; };
		88B7D0EE29C593F400490628 /* AppDelegate.swift */ = {isa = PBXFileReference; lastKnownFileType = sourcecode.swift; path = AppDelegate.swift; sourceTree = "<group>"; };
		88B7D0F029C593F400490628 /* SceneDelegate.swift */ = {isa = PBXFileReference; lastKnownFileType = sourcecode.swift; path = SceneDelegate.swift; sourceTree = "<group>"; };
		88B7D0F729C593F600490628 /* Assets.xcassets */ = {isa = PBXFileReference; lastKnownFileType = folder.assetcatalog; path = Assets.xcassets; sourceTree = "<group>"; };
		88B7D0FA29C593F600490628 /* Base */ = {isa = PBXFileReference; lastKnownFileType = file.storyboard; name = Base; path = Base.lproj/LaunchScreen.storyboard; sourceTree = "<group>"; };
		88B7D0FC29C593F600490628 /* Info.plist */ = {isa = PBXFileReference; lastKnownFileType = text.plist.xml; path = Info.plist; sourceTree = "<group>"; };
		88D0165F2A14C86B004664D2 /* RootViewController.swift */ = {isa = PBXFileReference; lastKnownFileType = sourcecode.swift; path = RootViewController.swift; sourceTree = "<group>"; };
		88D0168C2A1730B1004664D2 /* RNILayoutTestViewController.swift */ = {isa = PBXFileReference; lastKnownFileType = sourcecode.swift; path = RNILayoutTestViewController.swift; sourceTree = "<group>"; };
		88D0169D2A1B0DD3004664D2 /* RNIDraggableTestViewController.swift */ = {isa = PBXFileReference; lastKnownFileType = sourcecode.swift; path = RNIDraggableTestViewController.swift; sourceTree = "<group>"; };
		88D017902A1B302F004664D2 /* WeakElement.swift */ = {isa = PBXFileReference; fileEncoding = 4; lastKnownFileType = sourcecode.swift; path = WeakElement.swift; sourceTree = "<group>"; };
		88D017912A1B302F004664D2 /* CGSize+Helpers.swift */ = {isa = PBXFileReference; fileEncoding = 4; lastKnownFileType = sourcecode.swift; path = "CGSize+Helpers.swift"; sourceTree = "<group>"; };
		88D0179F2A1B302F004664D2 /* CAGradientLayerType+Init.swift */ = {isa = PBXFileReference; fileEncoding = 4; lastKnownFileType = sourcecode.swift; path = "CAGradientLayerType+Init.swift"; sourceTree = "<group>"; };
		88D017A02A1B302F004664D2 /* UIImage+Init.swift */ = {isa = PBXFileReference; fileEncoding = 4; lastKnownFileType = sourcecode.swift; path = "UIImage+Init.swift"; sourceTree = "<group>"; };
		88D017A12A1B302F004664D2 /* IosUtilities-Bridging-Header.h */ = {isa = PBXFileReference; fileEncoding = 4; lastKnownFileType = sourcecode.c.h; path = "IosUtilities-Bridging-Header.h"; sourceTree = "<group>"; };
		88D017A32A1B302F004664D2 /* RNINavigationEventsReportingViewController.swift */ = {isa = PBXFileReference; fileEncoding = 4; lastKnownFileType = sourcecode.swift; path = RNINavigationEventsReportingViewController.swift; sourceTree = "<group>"; };
		88D017A42A1B302F004664D2 /* RNINavigationEventsNotifiable.swift */ = {isa = PBXFileReference; fileEncoding = 4; lastKnownFileType = sourcecode.swift; path = RNINavigationEventsNotifiable.swift; sourceTree = "<group>"; };
		88D017A62A1B302F004664D2 /* UIViewController+Helpers.swift */ = {isa = PBXFileReference; fileEncoding = 4; lastKnownFileType = sourcecode.swift; path = "UIViewController+Helpers.swift"; sourceTree = "<group>"; };
		88D017A72A1B302F004664D2 /* UIColor+Helpers.swift */ = {isa = PBXFileReference; fileEncoding = 4; lastKnownFileType = sourcecode.swift; path = "UIColor+Helpers.swift"; sourceTree = "<group>"; };
		88D017A92A1B302F004664D2 /* RNIInternalCleanupMode.swift */ = {isa = PBXFileReference; fileEncoding = 4; lastKnownFileType = sourcecode.swift; path = RNIInternalCleanupMode.swift; sourceTree = "<group>"; };
		88D017AA2A1B302F004664D2 /* RNICleanable.swift */ = {isa = PBXFileReference; fileEncoding = 4; lastKnownFileType = sourcecode.swift; path = RNICleanable.swift; sourceTree = "<group>"; };
		88D017AB2A1B302F004664D2 /* RNICleanupMode.swift */ = {isa = PBXFileReference; fileEncoding = 4; lastKnownFileType = sourcecode.swift; path = RNICleanupMode.swift; sourceTree = "<group>"; };
		88D017B92A1B302F004664D2 /* RNIJSComponentWillUnmountNotifiable.swift */ = {isa = PBXFileReference; fileEncoding = 4; lastKnownFileType = sourcecode.swift; path = RNIJSComponentWillUnmountNotifiable.swift; sourceTree = "<group>"; };
		88D017BA2A1B302F004664D2 /* IosModal-Bridging-Header.h */ = {isa = PBXFileReference; fileEncoding = 4; lastKnownFileType = sourcecode.c.h; path = "IosModal-Bridging-Header.h"; sourceTree = "<group>"; };
		88D017BC2A1B302F004664D2 /* UIModalPresentationStyle+Init.swift */ = {isa = PBXFileReference; fileEncoding = 4; lastKnownFileType = sourcecode.swift; path = "UIModalPresentationStyle+Init.swift"; sourceTree = "<group>"; };
		88D017BD2A1B302F004664D2 /* UIBlurEffect+Init.swift */ = {isa = PBXFileReference; fileEncoding = 4; lastKnownFileType = sourcecode.swift; path = "UIBlurEffect+Init.swift"; sourceTree = "<group>"; };
		88D017BE2A1B302F004664D2 /* CGSize+Init.swift */ = {isa = PBXFileReference; fileEncoding = 4; lastKnownFileType = sourcecode.swift; path = "CGSize+Init.swift"; sourceTree = "<group>"; };
		88D017BF2A1B302F004664D2 /* UISheetPresentationController+Init.swift */ = {isa = PBXFileReference; fileEncoding = 4; lastKnownFileType = sourcecode.swift; path = "UISheetPresentationController+Init.swift"; sourceTree = "<group>"; };
		88D017C12A1B302F004664D2 /* UIModalTransitionStyle+Helpers.swift */ = {isa = PBXFileReference; fileEncoding = 4; lastKnownFileType = sourcecode.swift; path = "UIModalTransitionStyle+Helpers.swift"; sourceTree = "<group>"; };
		88D017C22A1B302F004664D2 /* FloatingPoint+Clamping.swift */ = {isa = PBXFileReference; fileEncoding = 4; lastKnownFileType = sourcecode.swift; path = "FloatingPoint+Clamping.swift"; sourceTree = "<group>"; };
		88D017C32A1B302F004664D2 /* CAAnimation+Helpers.swift */ = {isa = PBXFileReference; fileEncoding = 4; lastKnownFileType = sourcecode.swift; path = "CAAnimation+Helpers.swift"; sourceTree = "<group>"; };
		88D017C42A1B302F004664D2 /* Collection+Helpers.swift */ = {isa = PBXFileReference; fileEncoding = 4; lastKnownFileType = sourcecode.swift; path = "Collection+Helpers.swift"; sourceTree = "<group>"; };
		88D017C52A1B302F004664D2 /* UIWindow+Helpers.swift */ = {isa = PBXFileReference; fileEncoding = 4; lastKnownFileType = sourcecode.swift; path = "UIWindow+Helpers.swift"; sourceTree = "<group>"; };
		88D017C62A1B302F004664D2 /* UIView+Helpers.swift */ = {isa = PBXFileReference; fileEncoding = 4; lastKnownFileType = sourcecode.swift; path = "UIView+Helpers.swift"; sourceTree = "<group>"; };
		88D017C72A1B302F004664D2 /* CAAnimation+Block.swift */ = {isa = PBXFileReference; fileEncoding = 4; lastKnownFileType = sourcecode.swift; path = "CAAnimation+Block.swift"; sourceTree = "<group>"; };
		88D017C82A1B302F004664D2 /* CGRect+Helpers.swift */ = {isa = PBXFileReference; fileEncoding = 4; lastKnownFileType = sourcecode.swift; path = "CGRect+Helpers.swift"; sourceTree = "<group>"; };
		88D017C92A1B302F004664D2 /* Encodable+Helpers.swift */ = {isa = PBXFileReference; fileEncoding = 4; lastKnownFileType = sourcecode.swift; path = "Encodable+Helpers.swift"; sourceTree = "<group>"; };
		88D017CA2A1B302F004664D2 /* KeyWindow+Helpers.swift */ = {isa = PBXFileReference; fileEncoding = 4; lastKnownFileType = sourcecode.swift; path = "KeyWindow+Helpers.swift"; sourceTree = "<group>"; };
		88D017CC2A1B302F004664D2 /* UIGestureRecognizer+Helpers.swift */ = {isa = PBXFileReference; fileEncoding = 4; lastKnownFileType = sourcecode.swift; path = "UIGestureRecognizer+Helpers.swift"; sourceTree = "<group>"; };
		88D017D02A1B302F004664D2 /* RNIDictionarySynthesizable.swift */ = {isa = PBXFileReference; fileEncoding = 4; lastKnownFileType = sourcecode.swift; path = RNIDictionarySynthesizable.swift; sourceTree = "<group>"; };
		88D017D12A1B302F004664D2 /* RNIDictionaryRepresentable.swift */ = {isa = PBXFileReference; fileEncoding = 4; lastKnownFileType = sourcecode.swift; path = RNIDictionaryRepresentable.swift; sourceTree = "<group>"; };
		88D017D22A1B302F004664D2 /* RNIDictionarySynthesizable+Default.swift */ = {isa = PBXFileReference; fileEncoding = 4; lastKnownFileType = sourcecode.swift; path = "RNIDictionarySynthesizable+Default.swift"; sourceTree = "<group>"; };
		88D017D72A1B302F004664D2 /* RNILayout.swift */ = {isa = PBXFileReference; fileEncoding = 4; lastKnownFileType = sourcecode.swift; path = RNILayout.swift; sourceTree = "<group>"; };
		88D017D92A1B302F004664D2 /* RNIAnimatorSize.swift */ = {isa = PBXFileReference; fileEncoding = 4; lastKnownFileType = sourcecode.swift; path = RNIAnimatorSize.swift; sourceTree = "<group>"; };
		88D017DA2A1B302F004664D2 /* RNIAnimator.swift */ = {isa = PBXFileReference; fileEncoding = 4; lastKnownFileType = sourcecode.swift; path = RNIAnimator.swift; sourceTree = "<group>"; };
		88D017E22A1B302F004664D2 /* CAAnimationMulticastDelegate.swift */ = {isa = PBXFileReference; fileEncoding = 4; lastKnownFileType = sourcecode.swift; path = CAAnimationMulticastDelegate.swift; sourceTree = "<group>"; };
		88D017E32A1B302F004664D2 /* RNIMulticastDelegate.swift */ = {isa = PBXFileReference; fileEncoding = 4; lastKnownFileType = sourcecode.swift; path = RNIMulticastDelegate.swift; sourceTree = "<group>"; };
		88D017E52A1B302F004664D2 /* RNIWeakArray.swift */ = {isa = PBXFileReference; fileEncoding = 4; lastKnownFileType = sourcecode.swift; path = RNIWeakArray.swift; sourceTree = "<group>"; };
		88D017E62A1B302F004664D2 /* RNIWeakRef.swift */ = {isa = PBXFileReference; fileEncoding = 4; lastKnownFileType = sourcecode.swift; path = RNIWeakRef.swift; sourceTree = "<group>"; };
		88D017E72A1B302F004664D2 /* RNIWeakDictionary.swift */ = {isa = PBXFileReference; fileEncoding = 4; lastKnownFileType = sourcecode.swift; path = RNIWeakDictionary.swift; sourceTree = "<group>"; };
		88D017E92A1B302F004664D2 /* RNIObjectMetadata+Default.swift */ = {isa = PBXFileReference; fileEncoding = 4; lastKnownFileType = sourcecode.swift; path = "RNIObjectMetadata+Default.swift"; sourceTree = "<group>"; };
		88D017EA2A1B302F004664D2 /* RNIObjectMetadata.swift */ = {isa = PBXFileReference; fileEncoding = 4; lastKnownFileType = sourcecode.swift; path = RNIObjectMetadata.swift; sourceTree = "<group>"; };
		88D017EF2A1B302F004664D2 /* RNIIdentifiable+Default.swift */ = {isa = PBXFileReference; fileEncoding = 4; lastKnownFileType = sourcecode.swift; path = "RNIIdentifiable+Default.swift"; sourceTree = "<group>"; };
		88D017F02A1B302F004664D2 /* RNIObjectIdentifier.swift */ = {isa = PBXFileReference; fileEncoding = 4; lastKnownFileType = sourcecode.swift; path = RNIObjectIdentifier.swift; sourceTree = "<group>"; };
		88D017F12A1B302F004664D2 /* RNIIdentifiable.swift */ = {isa = PBXFileReference; fileEncoding = 4; lastKnownFileType = sourcecode.swift; path = RNIIdentifiable.swift; sourceTree = "<group>"; };
		88D017FA2A1B302F004664D2 /* RNIViewControllerLifeCycleNotifiable.swift */ = {isa = PBXFileReference; fileEncoding = 4; lastKnownFileType = sourcecode.swift; path = RNIViewControllerLifeCycleNotifiable.swift; sourceTree = "<group>"; };
		88D017FC2A1B302F004664D2 /* RNIViewControllerLifeCycleNotifiable+Default.swift */ = {isa = PBXFileReference; fileEncoding = 4; lastKnownFileType = sourcecode.swift; path = "RNIViewControllerLifeCycleNotifiable+Default.swift"; sourceTree = "<group>"; };
		88D017FF2A1B302F004664D2 /* RNIModalEventData.swift */ = {isa = PBXFileReference; fileEncoding = 4; lastKnownFileType = sourcecode.swift; path = RNIModalEventData.swift; sourceTree = "<group>"; };
		88D018002A1B302F004664D2 /* RNIModalPresentationTrigger.swift */ = {isa = PBXFileReference; fileEncoding = 4; lastKnownFileType = sourcecode.swift; path = RNIModalPresentationTrigger.swift; sourceTree = "<group>"; };
		88D018022A1B302F004664D2 /* RNIModalData.swift */ = {isa = PBXFileReference; fileEncoding = 4; lastKnownFileType = sourcecode.swift; path = RNIModalData.swift; sourceTree = "<group>"; };
		88D018032A1B302F004664D2 /* RNIModalPresentationNotifiable.swift */ = {isa = PBXFileReference; fileEncoding = 4; lastKnownFileType = sourcecode.swift; path = RNIModalPresentationNotifiable.swift; sourceTree = "<group>"; };
		88D018042A1B302F004664D2 /* RNIModal.swift */ = {isa = PBXFileReference; fileEncoding = 4; lastKnownFileType = sourcecode.swift; path = RNIModal.swift; sourceTree = "<group>"; };
		88D018082A1B302F004664D2 /* RNIModalFlags.swift */ = {isa = PBXFileReference; fileEncoding = 4; lastKnownFileType = sourcecode.swift; path = RNIModalFlags.swift; sourceTree = "<group>"; };
		88D018092A1B302F004664D2 /* RNIModalPresentationState.swift */ = {isa = PBXFileReference; fileEncoding = 4; lastKnownFileType = sourcecode.swift; path = RNIModalPresentationState.swift; sourceTree = "<group>"; };
		88D0180B2A1B302F004664D2 /* RNIModalCustomSheetDetent.swift */ = {isa = PBXFileReference; fileEncoding = 4; lastKnownFileType = sourcecode.swift; path = RNIModalCustomSheetDetent.swift; sourceTree = "<group>"; };
		88D0180C2A1B302F004664D2 /* RNIModalFocusState.swift */ = {isa = PBXFileReference; fileEncoding = 4; lastKnownFileType = sourcecode.swift; path = RNIModalFocusState.swift; sourceTree = "<group>"; };
		88D0180F2A1B302F004664D2 /* RNIComputableSizeMode.swift */ = {isa = PBXFileReference; fileEncoding = 4; lastKnownFileType = sourcecode.swift; path = RNIComputableSizeMode.swift; sourceTree = "<group>"; };
		88D018102A1B302F004664D2 /* RNIComputableValue.swift */ = {isa = PBXFileReference; fileEncoding = 4; lastKnownFileType = sourcecode.swift; path = RNIComputableValue.swift; sourceTree = "<group>"; };
		88D018112A1B302F004664D2 /* RNIComputableSize.swift */ = {isa = PBXFileReference; fileEncoding = 4; lastKnownFileType = sourcecode.swift; path = RNIComputableSize.swift; sourceTree = "<group>"; };
		88D018122A1B302F004664D2 /* RNIComputableValueMode.swift */ = {isa = PBXFileReference; fileEncoding = 4; lastKnownFileType = sourcecode.swift; path = RNIComputableValueMode.swift; sourceTree = "<group>"; };
		88D018132A1B302F004664D2 /* RNIComputableOffset.swift */ = {isa = PBXFileReference; fileEncoding = 4; lastKnownFileType = sourcecode.swift; path = RNIComputableOffset.swift; sourceTree = "<group>"; };
		88D0187B2A1B32E6004664D2 /* TestRoutes.swift */ = {isa = PBXFileReference; lastKnownFileType = sourcecode.swift; path = TestRoutes.swift; sourceTree = "<group>"; };
		88D0187D2A1B6CB3004664D2 /* BlurEffectTestViewController.swift */ = {isa = PBXFileReference; lastKnownFileType = sourcecode.swift; path = BlurEffectTestViewController.swift; sourceTree = "<group>"; };
		88D018812A1D09DD004664D2 /* AdaptiveModalAnimationConfig.swift */ = {isa = PBXFileReference; lastKnownFileType = sourcecode.swift; path = AdaptiveModalAnimationConfig.swift; sourceTree = "<group>"; };
		88D018852A1D0A1D004664D2 /* AdaptiveModalSnapPoint.swift */ = {isa = PBXFileReference; lastKnownFileType = sourcecode.swift; path = AdaptiveModalSnapPoint.swift; sourceTree = "<group>"; };
		88D018872A1D0A36004664D2 /* AdaptiveModalConfig.swift */ = {isa = PBXFileReference; lastKnownFileType = sourcecode.swift; path = AdaptiveModalConfig.swift; sourceTree = "<group>"; };
		88D018892A1DAEE6004664D2 /* AdaptiveModalSnapPointPreset.swift */ = {isa = PBXFileReference; fileEncoding = 4; lastKnownFileType = sourcecode.swift; path = AdaptiveModalSnapPointPreset.swift; sourceTree = "<group>"; };
		88D0188B2A1DB02E004664D2 /* AdaptiveModalEntranceConfig.swift */ = {isa = PBXFileReference; lastKnownFileType = sourcecode.swift; path = AdaptiveModalEntranceConfig.swift; sourceTree = "<group>"; };
/* End PBXFileReference section */

/* Begin PBXFrameworksBuildPhase section */
		88B7D0E829C593F400490628 /* Frameworks */ = {
			isa = PBXFrameworksBuildPhase;
			buildActionMask = 2147483647;
			files = (
			);
			runOnlyForDeploymentPostprocessing = 0;
		};
/* End PBXFrameworksBuildPhase section */

/* Begin PBXGroup section */
		88203DBF2A122AA10088C8E2 /* RNIDynamicModal */ = {
			isa = PBXGroup;
			children = (
				88203DC02A122AC20088C8E2 /* RNIDynamicModal.swift */,
				88D0165F2A14C86B004664D2 /* RootViewController.swift */,
			);
			path = RNIDynamicModal;
			sourceTree = "<group>";
		};
		88B7D0E229C593F400490628 = {
			isa = PBXGroup;
			children = (
				88D018802A1D06EA004664D2 /* AdaptiveModal */,
				88D0178D2A1B302F004664D2 /* src_library */,
				88D0168B2A173093004664D2 /* Test */,
				88203DBF2A122AA10088C8E2 /* RNIDynamicModal */,
				88B7D0ED29C593F400490628 /* swift-programmatic-modal */,
				88B7D0EC29C593F400490628 /* Products */,
			);
			sourceTree = "<group>";
		};
		88B7D0EC29C593F400490628 /* Products */ = {
			isa = PBXGroup;
			children = (
				88B7D0EB29C593F400490628 /* swift-programmatic-modal.app */,
			);
			name = Products;
			sourceTree = "<group>";
		};
		88B7D0ED29C593F400490628 /* swift-programmatic-modal */ = {
			isa = PBXGroup;
			children = (
				88B7D0EE29C593F400490628 /* AppDelegate.swift */,
				88B7D0F029C593F400490628 /* SceneDelegate.swift */,
				88B7D0F729C593F600490628 /* Assets.xcassets */,
				88B7D0F929C593F600490628 /* LaunchScreen.storyboard */,
				88B7D0FC29C593F600490628 /* Info.plist */,
			);
			path = "swift-programmatic-modal";
			sourceTree = "<group>";
		};
		88D0168B2A173093004664D2 /* Test */ = {
			isa = PBXGroup;
			children = (
				88D0168C2A1730B1004664D2 /* RNILayoutTestViewController.swift */,
				88D0169D2A1B0DD3004664D2 /* RNIDraggableTestViewController.swift */,
				88D0187B2A1B32E6004664D2 /* TestRoutes.swift */,
				88D0187D2A1B6CB3004664D2 /* BlurEffectTestViewController.swift */,
			);
			path = Test;
			sourceTree = "<group>";
		};
		88D0178D2A1B302F004664D2 /* src_library */ = {
			isa = PBXGroup;
			children = (
				88D0178E2A1B302F004664D2 /* Helpers+Utilities */,
				88D017922A1B302F004664D2 /* Temp */,
				88D017BA2A1B302F004664D2 /* IosModal-Bridging-Header.h */,
				88D017BB2A1B302F004664D2 /* Extensions+Init */,
				88D017C02A1B302F004664D2 /* Extensions */,
				88D017CE2A1B302F004664D2 /* React Native */,
				88D018142A1B302F004664D2 /* RNIUtilities */,
			);
			name = src_library;
			path = ../../ios/src_library;
			sourceTree = "<group>";
		};
		88D0178E2A1B302F004664D2 /* Helpers+Utilities */ = {
			isa = PBXGroup;
			children = (
				88D0178F2A1B302F004664D2 /* RNIDictionarySynthesizable */,
				88D017902A1B302F004664D2 /* WeakElement.swift */,
				88D017912A1B302F004664D2 /* CGSize+Helpers.swift */,
			);
			path = "Helpers+Utilities";
			sourceTree = "<group>";
		};
		88D0178F2A1B302F004664D2 /* RNIDictionarySynthesizable */ = {
			isa = PBXGroup;
			children = (
			);
			path = RNIDictionarySynthesizable;
			sourceTree = "<group>";
		};
		88D017922A1B302F004664D2 /* Temp */ = {
			isa = PBXGroup;
			children = (
				88D0179E2A1B302F004664D2 /* Extensions+Init */,
				88D017A12A1B302F004664D2 /* IosUtilities-Bridging-Header.h */,
				88D017A22A1B302F004664D2 /* RNINavigationEventsReporting */,
				88D017A52A1B302F004664D2 /* Extensions */,
				88D017A82A1B302F004664D2 /* RNICleanup */,
				88D017B72A1B302F004664D2 /* RNILog */,
				88D017B82A1B302F004664D2 /* Protocols */,
			);
			path = Temp;
			sourceTree = "<group>";
		};
		88D0179E2A1B302F004664D2 /* Extensions+Init */ = {
			isa = PBXGroup;
			children = (
				88D0179F2A1B302F004664D2 /* CAGradientLayerType+Init.swift */,
				88D017A02A1B302F004664D2 /* UIImage+Init.swift */,
			);
			path = "Extensions+Init";
			sourceTree = "<group>";
		};
		88D017A22A1B302F004664D2 /* RNINavigationEventsReporting */ = {
			isa = PBXGroup;
			children = (
				88D017A32A1B302F004664D2 /* RNINavigationEventsReportingViewController.swift */,
				88D017A42A1B302F004664D2 /* RNINavigationEventsNotifiable.swift */,
			);
			path = RNINavigationEventsReporting;
			sourceTree = "<group>";
		};
		88D017A52A1B302F004664D2 /* Extensions */ = {
			isa = PBXGroup;
			children = (
				88D017A62A1B302F004664D2 /* UIViewController+Helpers.swift */,
				88D017A72A1B302F004664D2 /* UIColor+Helpers.swift */,
			);
			path = Extensions;
			sourceTree = "<group>";
		};
		88D017A82A1B302F004664D2 /* RNICleanup */ = {
			isa = PBXGroup;
			children = (
				88D017A92A1B302F004664D2 /* RNIInternalCleanupMode.swift */,
				88D017AA2A1B302F004664D2 /* RNICleanable.swift */,
				88D017AB2A1B302F004664D2 /* RNICleanupMode.swift */,
			);
			path = RNICleanup;
			sourceTree = "<group>";
		};
		88D017B72A1B302F004664D2 /* RNILog */ = {
			isa = PBXGroup;
			children = (
			);
			path = RNILog;
			sourceTree = "<group>";
		};
		88D017B82A1B302F004664D2 /* Protocols */ = {
			isa = PBXGroup;
			children = (
				88D017B92A1B302F004664D2 /* RNIJSComponentWillUnmountNotifiable.swift */,
			);
			path = Protocols;
			sourceTree = "<group>";
		};
		88D017BB2A1B302F004664D2 /* Extensions+Init */ = {
			isa = PBXGroup;
			children = (
				88D017BC2A1B302F004664D2 /* UIModalPresentationStyle+Init.swift */,
				88D017BD2A1B302F004664D2 /* UIBlurEffect+Init.swift */,
				88D017BE2A1B302F004664D2 /* CGSize+Init.swift */,
				88D017BF2A1B302F004664D2 /* UISheetPresentationController+Init.swift */,
			);
			path = "Extensions+Init";
			sourceTree = "<group>";
		};
		88D017C02A1B302F004664D2 /* Extensions */ = {
			isa = PBXGroup;
			children = (
				88D017C12A1B302F004664D2 /* UIModalTransitionStyle+Helpers.swift */,
				88D017C22A1B302F004664D2 /* FloatingPoint+Clamping.swift */,
				88D017C32A1B302F004664D2 /* CAAnimation+Helpers.swift */,
				88D017C42A1B302F004664D2 /* Collection+Helpers.swift */,
				88D017C52A1B302F004664D2 /* UIWindow+Helpers.swift */,
				88D017C62A1B302F004664D2 /* UIView+Helpers.swift */,
				88D017C72A1B302F004664D2 /* CAAnimation+Block.swift */,
				88D017C82A1B302F004664D2 /* CGRect+Helpers.swift */,
				88D017C92A1B302F004664D2 /* Encodable+Helpers.swift */,
				88D017CA2A1B302F004664D2 /* KeyWindow+Helpers.swift */,
				88D017CC2A1B302F004664D2 /* UIGestureRecognizer+Helpers.swift */,
			);
			path = Extensions;
			sourceTree = "<group>";
		};
		88D017CE2A1B302F004664D2 /* React Native */ = {
			isa = PBXGroup;
			children = (
				88D017CF2A1B302F004664D2 /* RNIDictionarySynthesizable */,
				88D017D62A1B302F004664D2 /* RNILayout */,
				88D017D82A1B302F004664D2 /* RNIAnimator */,
				88D017E12A1B302F004664D2 /* RNIMulticastDelegate */,
				88D017E42A1B302F004664D2 /* RNIWeak */,
				88D017E82A1B302F004664D2 /* RNIObjectMetadata */,
				88D017EE2A1B302F004664D2 /* RNIIdentifiable */,
				88D017F92A1B302F004664D2 /* RNIViewControllerLifeCycleNotifiable */,
				88D017FD2A1B302F004664D2 /* RNIModal */,
				88D0180D2A1B302F004664D2 /* RNIComputable */,
			);
			path = "React Native";
			sourceTree = "<group>";
		};
		88D017CF2A1B302F004664D2 /* RNIDictionarySynthesizable */ = {
			isa = PBXGroup;
			children = (
				88D017D02A1B302F004664D2 /* RNIDictionarySynthesizable.swift */,
				88D017D12A1B302F004664D2 /* RNIDictionaryRepresentable.swift */,
				88D017D22A1B302F004664D2 /* RNIDictionarySynthesizable+Default.swift */,
			);
			path = RNIDictionarySynthesizable;
			sourceTree = "<group>";
		};
		88D017D62A1B302F004664D2 /* RNILayout */ = {
			isa = PBXGroup;
			children = (
				88D017D72A1B302F004664D2 /* RNILayout.swift */,
			);
			path = RNILayout;
			sourceTree = "<group>";
		};
		88D017D82A1B302F004664D2 /* RNIAnimator */ = {
			isa = PBXGroup;
			children = (
				88D017D92A1B302F004664D2 /* RNIAnimatorSize.swift */,
				88D017DA2A1B302F004664D2 /* RNIAnimator.swift */,
			);
			path = RNIAnimator;
			sourceTree = "<group>";
		};
		88D017E12A1B302F004664D2 /* RNIMulticastDelegate */ = {
			isa = PBXGroup;
			children = (
				88D017E22A1B302F004664D2 /* CAAnimationMulticastDelegate.swift */,
				88D017E32A1B302F004664D2 /* RNIMulticastDelegate.swift */,
			);
			path = RNIMulticastDelegate;
			sourceTree = "<group>";
		};
		88D017E42A1B302F004664D2 /* RNIWeak */ = {
			isa = PBXGroup;
			children = (
				88D017E52A1B302F004664D2 /* RNIWeakArray.swift */,
				88D017E62A1B302F004664D2 /* RNIWeakRef.swift */,
				88D017E72A1B302F004664D2 /* RNIWeakDictionary.swift */,
			);
			path = RNIWeak;
			sourceTree = "<group>";
		};
		88D017E82A1B302F004664D2 /* RNIObjectMetadata */ = {
			isa = PBXGroup;
			children = (
				88D017E92A1B302F004664D2 /* RNIObjectMetadata+Default.swift */,
				88D017EA2A1B302F004664D2 /* RNIObjectMetadata.swift */,
			);
			path = RNIObjectMetadata;
			sourceTree = "<group>";
		};
		88D017EE2A1B302F004664D2 /* RNIIdentifiable */ = {
			isa = PBXGroup;
			children = (
				88D017EF2A1B302F004664D2 /* RNIIdentifiable+Default.swift */,
				88D017F02A1B302F004664D2 /* RNIObjectIdentifier.swift */,
				88D017F12A1B302F004664D2 /* RNIIdentifiable.swift */,
			);
			path = RNIIdentifiable;
			sourceTree = "<group>";
		};
		88D017F92A1B302F004664D2 /* RNIViewControllerLifeCycleNotifiable */ = {
			isa = PBXGroup;
			children = (
				88D017FA2A1B302F004664D2 /* RNIViewControllerLifeCycleNotifiable.swift */,
				88D017FB2A1B302F004664D2 /* RNIViewControllerLifeCycleNotifiable */,
				88D017FC2A1B302F004664D2 /* RNIViewControllerLifeCycleNotifiable+Default.swift */,
			);
			path = RNIViewControllerLifeCycleNotifiable;
			sourceTree = "<group>";
		};
		88D017FB2A1B302F004664D2 /* RNIViewControllerLifeCycleNotifiable */ = {
			isa = PBXGroup;
			children = (
			);
			path = RNIViewControllerLifeCycleNotifiable;
			sourceTree = "<group>";
		};
		88D017FD2A1B302F004664D2 /* RNIModal */ = {
			isa = PBXGroup;
			children = (
				88D017FF2A1B302F004664D2 /* RNIModalEventData.swift */,
				88D018002A1B302F004664D2 /* RNIModalPresentationTrigger.swift */,
				88D018022A1B302F004664D2 /* RNIModalData.swift */,
				88D018032A1B302F004664D2 /* RNIModalPresentationNotifiable.swift */,
				88D018042A1B302F004664D2 /* RNIModal.swift */,
				88D018082A1B302F004664D2 /* RNIModalFlags.swift */,
				88D018092A1B302F004664D2 /* RNIModalPresentationState.swift */,
				88D0180B2A1B302F004664D2 /* RNIModalCustomSheetDetent.swift */,
				88D0180C2A1B302F004664D2 /* RNIModalFocusState.swift */,
			);
			path = RNIModal;
			sourceTree = "<group>";
		};
		88D0180D2A1B302F004664D2 /* RNIComputable */ = {
			isa = PBXGroup;
			children = (
				88D0180F2A1B302F004664D2 /* RNIComputableSizeMode.swift */,
				88D018102A1B302F004664D2 /* RNIComputableValue.swift */,
				88D018112A1B302F004664D2 /* RNIComputableSize.swift */,
				88D018122A1B302F004664D2 /* RNIComputableValueMode.swift */,
				88D018132A1B302F004664D2 /* RNIComputableOffset.swift */,
			);
			path = RNIComputable;
			sourceTree = "<group>";
		};
		88D018142A1B302F004664D2 /* RNIUtilities */ = {
			isa = PBXGroup;
			children = (
			);
			path = RNIUtilities;
			sourceTree = "<group>";
		};
		88D018802A1D06EA004664D2 /* AdaptiveModal */ = {
			isa = PBXGroup;
			children = (
				88D018812A1D09DD004664D2 /* AdaptiveModalAnimationConfig.swift */,
				88D018892A1DAEE6004664D2 /* AdaptiveModalSnapPointPreset.swift */,
				88D018852A1D0A1D004664D2 /* AdaptiveModalSnapPoint.swift */,
				88D0188B2A1DB02E004664D2 /* AdaptiveModalEntranceConfig.swift */,
				88D018872A1D0A36004664D2 /* AdaptiveModalConfig.swift */,
			);
			path = AdaptiveModal;
			sourceTree = "<group>";
		};
/* End PBXGroup section */

/* Begin PBXNativeTarget section */
		88B7D0EA29C593F400490628 /* swift-programmatic-modal */ = {
			isa = PBXNativeTarget;
			buildConfigurationList = 88B7D0FF29C593F600490628 /* Build configuration list for PBXNativeTarget "swift-programmatic-modal" */;
			buildPhases = (
				88B7D0E729C593F400490628 /* Sources */,
				88B7D0E829C593F400490628 /* Frameworks */,
				88B7D0E929C593F400490628 /* Resources */,
			);
			buildRules = (
			);
			dependencies = (
			);
			name = "swift-programmatic-modal";
			productName = "swift-programmatic-modal";
			productReference = 88B7D0EB29C593F400490628 /* swift-programmatic-modal.app */;
			productType = "com.apple.product-type.application";
		};
/* End PBXNativeTarget section */

/* Begin PBXProject section */
		88B7D0E329C593F400490628 /* Project object */ = {
			isa = PBXProject;
			attributes = {
				BuildIndependentTargetsInParallel = 1;
				LastSwiftUpdateCheck = 1420;
				LastUpgradeCheck = 1420;
				TargetAttributes = {
					88B7D0EA29C593F400490628 = {
						CreatedOnToolsVersion = 14.2;
					};
				};
			};
			buildConfigurationList = 88B7D0E629C593F400490628 /* Build configuration list for PBXProject "swift-programmatic-modal" */;
			compatibilityVersion = "Xcode 14.0";
			developmentRegion = en;
			hasScannedForEncodings = 0;
			knownRegions = (
				en,
				Base,
			);
			mainGroup = 88B7D0E229C593F400490628;
			productRefGroup = 88B7D0EC29C593F400490628 /* Products */;
			projectDirPath = "";
			projectRoot = "";
			targets = (
				88B7D0EA29C593F400490628 /* swift-programmatic-modal */,
			);
		};
/* End PBXProject section */

/* Begin PBXResourcesBuildPhase section */
		88B7D0E929C593F400490628 /* Resources */ = {
			isa = PBXResourcesBuildPhase;
			buildActionMask = 2147483647;
			files = (
				88B7D0FB29C593F600490628 /* LaunchScreen.storyboard in Resources */,
				88B7D0F829C593F600490628 /* Assets.xcassets in Resources */,
			);
			runOnlyForDeploymentPostprocessing = 0;
		};
/* End PBXResourcesBuildPhase section */

/* Begin PBXSourcesBuildPhase section */
		88B7D0E729C593F400490628 /* Sources */ = {
			isa = PBXSourcesBuildPhase;
			buildActionMask = 2147483647;
			files = (
				88D018742A1B3030004664D2 /* RNIModalFocusState.swift in Sources */,
				88D0186A2A1B3030004664D2 /* RNIModalData.swift in Sources */,
				88D0185D2A1B3030004664D2 /* RNIIdentifiable.swift in Sources */,
				88D0169E2A1B0DD3004664D2 /* RNIDraggableTestViewController.swift in Sources */,
				88D018452A1B3030004664D2 /* RNIDictionarySynthesizable.swift in Sources */,
				88D018232A1B3030004664D2 /* RNINavigationEventsReportingViewController.swift in Sources */,
				88D018822A1D09DD004664D2 /* AdaptiveModalAnimationConfig.swift in Sources */,
				88D018342A1B3030004664D2 /* UIModalPresentationStyle+Init.swift in Sources */,
				88D0186B2A1B3030004664D2 /* RNIModalPresentationNotifiable.swift in Sources */,
				88D018552A1B3030004664D2 /* RNIWeakRef.swift in Sources */,
				88D018652A1B3030004664D2 /* RNIViewControllerLifeCycleNotifiable+Default.swift in Sources */,
				88D0168D2A1730B1004664D2 /* RNILayoutTestViewController.swift in Sources */,
				88D018162A1B3030004664D2 /* CGSize+Helpers.swift in Sources */,
				88D018242A1B3030004664D2 /* RNINavigationEventsNotifiable.swift in Sources */,
				88D018372A1B3030004664D2 /* UISheetPresentationController+Init.swift in Sources */,
				88D018572A1B3030004664D2 /* RNIObjectMetadata+Default.swift in Sources */,
				88D018522A1B3030004664D2 /* CAAnimationMulticastDelegate.swift in Sources */,
				88D018352A1B3030004664D2 /* UIBlurEffect+Init.swift in Sources */,
				88D0186C2A1B3030004664D2 /* RNIModal.swift in Sources */,
				88D018682A1B3030004664D2 /* RNIModalPresentationTrigger.swift in Sources */,
				88D0188A2A1DAEE6004664D2 /* AdaptiveModalSnapPointPreset.swift in Sources */,
				88D018282A1B3030004664D2 /* RNICleanable.swift in Sources */,
				88D018462A1B3030004664D2 /* RNIDictionaryRepresentable.swift in Sources */,
				88D018712A1B3030004664D2 /* RNIModalPresentationState.swift in Sources */,
				88D0183A2A1B3030004664D2 /* CAAnimation+Helpers.swift in Sources */,
				88D018582A1B3030004664D2 /* RNIObjectMetadata.swift in Sources */,
				88D0187A2A1B3030004664D2 /* RNIComputableOffset.swift in Sources */,
				88D018382A1B3030004664D2 /* UIModalTransitionStyle+Helpers.swift in Sources */,
				88D0184A2A1B3030004664D2 /* RNILayout.swift in Sources */,
				88D018472A1B3030004664D2 /* RNIDictionarySynthesizable+Default.swift in Sources */,
				88D0184B2A1B3030004664D2 /* RNIAnimatorSize.swift in Sources */,
				88D0188C2A1DB02E004664D2 /* AdaptiveModalEntranceConfig.swift in Sources */,
				88D0183B2A1B3030004664D2 /* Collection+Helpers.swift in Sources */,
				88D018772A1B3030004664D2 /* RNIComputableValue.swift in Sources */,
				88D018292A1B3030004664D2 /* RNICleanupMode.swift in Sources */,
				88D018532A1B3030004664D2 /* RNIMulticastDelegate.swift in Sources */,
				88D018642A1B3030004664D2 /* RNIViewControllerLifeCycleNotifiable.swift in Sources */,
				88D0185C2A1B3030004664D2 /* RNIObjectIdentifier.swift in Sources */,
				88D016602A14C86B004664D2 /* RootViewController.swift in Sources */,
				88D0183E2A1B3030004664D2 /* CAAnimation+Block.swift in Sources */,
				88D0184C2A1B3030004664D2 /* RNIAnimator.swift in Sources */,
				88D018362A1B3030004664D2 /* CGSize+Init.swift in Sources */,
				88B7D0EF29C593F400490628 /* AppDelegate.swift in Sources */,
				88D018222A1B3030004664D2 /* UIImage+Init.swift in Sources */,
				88D018702A1B3030004664D2 /* RNIModalFlags.swift in Sources */,
				88B7D0F129C593F400490628 /* SceneDelegate.swift in Sources */,
				88D0187E2A1B6CB3004664D2 /* BlurEffectTestViewController.swift in Sources */,
				88D018272A1B3030004664D2 /* RNIInternalCleanupMode.swift in Sources */,
				88D018782A1B3030004664D2 /* RNIComputableSize.swift in Sources */,
				88D018732A1B3030004664D2 /* RNIModalCustomSheetDetent.swift in Sources */,
				88D018252A1B3030004664D2 /* UIViewController+Helpers.swift in Sources */,
				88D018882A1D0A36004664D2 /* AdaptiveModalConfig.swift in Sources */,
				88D018432A1B3030004664D2 /* UIGestureRecognizer+Helpers.swift in Sources */,
				88D0185B2A1B3030004664D2 /* RNIIdentifiable+Default.swift in Sources */,
				88D018762A1B3030004664D2 /* RNIComputableSizeMode.swift in Sources */,
				88D018262A1B3030004664D2 /* UIColor+Helpers.swift in Sources */,
				88D018562A1B3030004664D2 /* RNIWeakDictionary.swift in Sources */,
				88203DC12A122AC20088C8E2 /* RNIDynamicModal.swift in Sources */,
				88D018542A1B3030004664D2 /* RNIWeakArray.swift in Sources */,
				88D018792A1B3030004664D2 /* RNIComputableValueMode.swift in Sources */,
				88D018212A1B3030004664D2 /* CAGradientLayerType+Init.swift in Sources */,
				88D0183C2A1B3030004664D2 /* UIWindow+Helpers.swift in Sources */,
				88D018862A1D0A1D004664D2 /* AdaptiveModalSnapPoint.swift in Sources */,
				88D018412A1B3030004664D2 /* KeyWindow+Helpers.swift in Sources */,
				88D018672A1B3030004664D2 /* RNIModalEventData.swift in Sources */,
				88D0183D2A1B3030004664D2 /* UIView+Helpers.swift in Sources */,
				88D018332A1B3030004664D2 /* RNIJSComponentWillUnmountNotifiable.swift in Sources */,
				88D0183F2A1B3030004664D2 /* CGRect+Helpers.swift in Sources */,
				88D018402A1B3030004664D2 /* Encodable+Helpers.swift in Sources */,
				88D018392A1B3030004664D2 /* FloatingPoint+Clamping.swift in Sources */,
				88D018152A1B302F004664D2 /* WeakElement.swift in Sources */,
				88D0187C2A1B32E6004664D2 /* TestRoutes.swift in Sources */,
			);
			runOnlyForDeploymentPostprocessing = 0;
		};
/* End PBXSourcesBuildPhase section */

/* Begin PBXVariantGroup section */
		88B7D0F929C593F600490628 /* LaunchScreen.storyboard */ = {
			isa = PBXVariantGroup;
			children = (
				88B7D0FA29C593F600490628 /* Base */,
			);
			name = LaunchScreen.storyboard;
			sourceTree = "<group>";
		};
/* End PBXVariantGroup section */

/* Begin XCBuildConfiguration section */
		88B7D0FD29C593F600490628 /* Debug */ = {
			isa = XCBuildConfiguration;
			buildSettings = {
				ALWAYS_SEARCH_USER_PATHS = NO;
				CLANG_ANALYZER_NONNULL = YES;
				CLANG_ANALYZER_NUMBER_OBJECT_CONVERSION = YES_AGGRESSIVE;
				CLANG_CXX_LANGUAGE_STANDARD = "gnu++20";
				CLANG_ENABLE_MODULES = YES;
				CLANG_ENABLE_OBJC_ARC = YES;
				CLANG_ENABLE_OBJC_WEAK = YES;
				CLANG_WARN_BLOCK_CAPTURE_AUTORELEASING = YES;
				CLANG_WARN_BOOL_CONVERSION = YES;
				CLANG_WARN_COMMA = YES;
				CLANG_WARN_CONSTANT_CONVERSION = YES;
				CLANG_WARN_DEPRECATED_OBJC_IMPLEMENTATIONS = YES;
				CLANG_WARN_DIRECT_OBJC_ISA_USAGE = YES_ERROR;
				CLANG_WARN_DOCUMENTATION_COMMENTS = YES;
				CLANG_WARN_EMPTY_BODY = YES;
				CLANG_WARN_ENUM_CONVERSION = YES;
				CLANG_WARN_INFINITE_RECURSION = YES;
				CLANG_WARN_INT_CONVERSION = YES;
				CLANG_WARN_NON_LITERAL_NULL_CONVERSION = YES;
				CLANG_WARN_OBJC_IMPLICIT_RETAIN_SELF = YES;
				CLANG_WARN_OBJC_LITERAL_CONVERSION = YES;
				CLANG_WARN_OBJC_ROOT_CLASS = YES_ERROR;
				CLANG_WARN_QUOTED_INCLUDE_IN_FRAMEWORK_HEADER = YES;
				CLANG_WARN_RANGE_LOOP_ANALYSIS = YES;
				CLANG_WARN_STRICT_PROTOTYPES = YES;
				CLANG_WARN_SUSPICIOUS_MOVE = YES;
				CLANG_WARN_UNGUARDED_AVAILABILITY = YES_AGGRESSIVE;
				CLANG_WARN_UNREACHABLE_CODE = YES;
				CLANG_WARN__DUPLICATE_METHOD_MATCH = YES;
				COPY_PHASE_STRIP = NO;
				DEBUG_INFORMATION_FORMAT = dwarf;
				ENABLE_STRICT_OBJC_MSGSEND = YES;
				ENABLE_TESTABILITY = YES;
				GCC_C_LANGUAGE_STANDARD = gnu11;
				GCC_DYNAMIC_NO_PIC = NO;
				GCC_NO_COMMON_BLOCKS = YES;
				GCC_OPTIMIZATION_LEVEL = 0;
				GCC_PREPROCESSOR_DEFINITIONS = (
					"DEBUG=1",
					"$(inherited)",
				);
				GCC_WARN_64_TO_32_BIT_CONVERSION = YES;
				GCC_WARN_ABOUT_RETURN_TYPE = YES_ERROR;
				GCC_WARN_UNDECLARED_SELECTOR = YES;
				GCC_WARN_UNINITIALIZED_AUTOS = YES_AGGRESSIVE;
				GCC_WARN_UNUSED_FUNCTION = YES;
				GCC_WARN_UNUSED_VARIABLE = YES;
				IPHONEOS_DEPLOYMENT_TARGET = 16.2;
				MTL_ENABLE_DEBUG_INFO = INCLUDE_SOURCE;
				MTL_FAST_MATH = YES;
				ONLY_ACTIVE_ARCH = YES;
				SDKROOT = iphoneos;
				SWIFT_ACTIVE_COMPILATION_CONDITIONS = DEBUG;
				SWIFT_OPTIMIZATION_LEVEL = "-Onone";
			};
			name = Debug;
		};
		88B7D0FE29C593F600490628 /* Release */ = {
			isa = XCBuildConfiguration;
			buildSettings = {
				ALWAYS_SEARCH_USER_PATHS = NO;
				CLANG_ANALYZER_NONNULL = YES;
				CLANG_ANALYZER_NUMBER_OBJECT_CONVERSION = YES_AGGRESSIVE;
				CLANG_CXX_LANGUAGE_STANDARD = "gnu++20";
				CLANG_ENABLE_MODULES = YES;
				CLANG_ENABLE_OBJC_ARC = YES;
				CLANG_ENABLE_OBJC_WEAK = YES;
				CLANG_WARN_BLOCK_CAPTURE_AUTORELEASING = YES;
				CLANG_WARN_BOOL_CONVERSION = YES;
				CLANG_WARN_COMMA = YES;
				CLANG_WARN_CONSTANT_CONVERSION = YES;
				CLANG_WARN_DEPRECATED_OBJC_IMPLEMENTATIONS = YES;
				CLANG_WARN_DIRECT_OBJC_ISA_USAGE = YES_ERROR;
				CLANG_WARN_DOCUMENTATION_COMMENTS = YES;
				CLANG_WARN_EMPTY_BODY = YES;
				CLANG_WARN_ENUM_CONVERSION = YES;
				CLANG_WARN_INFINITE_RECURSION = YES;
				CLANG_WARN_INT_CONVERSION = YES;
				CLANG_WARN_NON_LITERAL_NULL_CONVERSION = YES;
				CLANG_WARN_OBJC_IMPLICIT_RETAIN_SELF = YES;
				CLANG_WARN_OBJC_LITERAL_CONVERSION = YES;
				CLANG_WARN_OBJC_ROOT_CLASS = YES_ERROR;
				CLANG_WARN_QUOTED_INCLUDE_IN_FRAMEWORK_HEADER = YES;
				CLANG_WARN_RANGE_LOOP_ANALYSIS = YES;
				CLANG_WARN_STRICT_PROTOTYPES = YES;
				CLANG_WARN_SUSPICIOUS_MOVE = YES;
				CLANG_WARN_UNGUARDED_AVAILABILITY = YES_AGGRESSIVE;
				CLANG_WARN_UNREACHABLE_CODE = YES;
				CLANG_WARN__DUPLICATE_METHOD_MATCH = YES;
				COPY_PHASE_STRIP = NO;
				DEBUG_INFORMATION_FORMAT = "dwarf-with-dsym";
				ENABLE_NS_ASSERTIONS = NO;
				ENABLE_STRICT_OBJC_MSGSEND = YES;
				GCC_C_LANGUAGE_STANDARD = gnu11;
				GCC_NO_COMMON_BLOCKS = YES;
				GCC_WARN_64_TO_32_BIT_CONVERSION = YES;
				GCC_WARN_ABOUT_RETURN_TYPE = YES_ERROR;
				GCC_WARN_UNDECLARED_SELECTOR = YES;
				GCC_WARN_UNINITIALIZED_AUTOS = YES_AGGRESSIVE;
				GCC_WARN_UNUSED_FUNCTION = YES;
				GCC_WARN_UNUSED_VARIABLE = YES;
				IPHONEOS_DEPLOYMENT_TARGET = 16.2;
				MTL_ENABLE_DEBUG_INFO = NO;
				MTL_FAST_MATH = YES;
				SDKROOT = iphoneos;
				SWIFT_COMPILATION_MODE = wholemodule;
				SWIFT_OPTIMIZATION_LEVEL = "-O";
				VALIDATE_PRODUCT = YES;
			};
			name = Release;
		};
		88B7D10029C593F600490628 /* Debug */ = {
			isa = XCBuildConfiguration;
			buildSettings = {
				ASSETCATALOG_COMPILER_APPICON_NAME = AppIcon;
				ASSETCATALOG_COMPILER_GLOBAL_ACCENT_COLOR_NAME = AccentColor;
				CODE_SIGN_STYLE = Automatic;
				CURRENT_PROJECT_VERSION = 1;
				DEVELOPMENT_TEAM = ZC7A6XV8GR;
				GENERATE_INFOPLIST_FILE = YES;
				INFOPLIST_FILE = "swift-programmatic-modal/Info.plist";
				INFOPLIST_KEY_UIApplicationSupportsIndirectInputEvents = YES;
				INFOPLIST_KEY_UILaunchStoryboardName = LaunchScreen;
				INFOPLIST_KEY_UISupportedInterfaceOrientations = "UIInterfaceOrientationLandscapeLeft UIInterfaceOrientationLandscapeRight UIInterfaceOrientationPortrait";
				INFOPLIST_KEY_UISupportedInterfaceOrientations_iPad = "UIInterfaceOrientationLandscapeLeft UIInterfaceOrientationLandscapeRight UIInterfaceOrientationPortrait UIInterfaceOrientationPortraitUpsideDown";
				LD_RUNPATH_SEARCH_PATHS = (
					"$(inherited)",
					"@executable_path/Frameworks",
				);
				MARKETING_VERSION = 1.0;
				PRODUCT_BUNDLE_IDENTIFIER = "dominicgo.swift-programmatic-modal";
				PRODUCT_NAME = "$(TARGET_NAME)";
				SUPPORTED_PLATFORMS = "iphoneos iphonesimulator";
				SUPPORTS_MACCATALYST = NO;
				SUPPORTS_MAC_DESIGNED_FOR_IPHONE_IPAD = NO;
				SWIFT_EMIT_LOC_STRINGS = YES;
				SWIFT_VERSION = 5.0;
				TARGETED_DEVICE_FAMILY = "1,2";
			};
			name = Debug;
		};
		88B7D10129C593F600490628 /* Release */ = {
			isa = XCBuildConfiguration;
			buildSettings = {
				ASSETCATALOG_COMPILER_APPICON_NAME = AppIcon;
				ASSETCATALOG_COMPILER_GLOBAL_ACCENT_COLOR_NAME = AccentColor;
				CODE_SIGN_STYLE = Automatic;
				CURRENT_PROJECT_VERSION = 1;
				DEVELOPMENT_TEAM = ZC7A6XV8GR;
				GENERATE_INFOPLIST_FILE = YES;
				INFOPLIST_FILE = "swift-programmatic-modal/Info.plist";
				INFOPLIST_KEY_UIApplicationSupportsIndirectInputEvents = YES;
				INFOPLIST_KEY_UILaunchStoryboardName = LaunchScreen;
				INFOPLIST_KEY_UISupportedInterfaceOrientations = "UIInterfaceOrientationLandscapeLeft UIInterfaceOrientationLandscapeRight UIInterfaceOrientationPortrait";
				INFOPLIST_KEY_UISupportedInterfaceOrientations_iPad = "UIInterfaceOrientationLandscapeLeft UIInterfaceOrientationLandscapeRight UIInterfaceOrientationPortrait UIInterfaceOrientationPortraitUpsideDown";
				LD_RUNPATH_SEARCH_PATHS = (
					"$(inherited)",
					"@executable_path/Frameworks",
				);
				MARKETING_VERSION = 1.0;
				PRODUCT_BUNDLE_IDENTIFIER = "dominicgo.swift-programmatic-modal";
				PRODUCT_NAME = "$(TARGET_NAME)";
				SUPPORTED_PLATFORMS = "iphoneos iphonesimulator";
				SUPPORTS_MACCATALYST = NO;
				SUPPORTS_MAC_DESIGNED_FOR_IPHONE_IPAD = NO;
				SWIFT_EMIT_LOC_STRINGS = YES;
				SWIFT_VERSION = 5.0;
				TARGETED_DEVICE_FAMILY = "1,2";
			};
			name = Release;
		};
/* End XCBuildConfiguration section */

/* Begin XCConfigurationList section */
		88B7D0E629C593F400490628 /* Build configuration list for PBXProject "swift-programmatic-modal" */ = {
			isa = XCConfigurationList;
			buildConfigurations = (
				88B7D0FD29C593F600490628 /* Debug */,
				88B7D0FE29C593F600490628 /* Release */,
			);
			defaultConfigurationIsVisible = 0;
			defaultConfigurationName = Release;
		};
		88B7D0FF29C593F600490628 /* Build configuration list for PBXNativeTarget "swift-programmatic-modal" */ = {
			isa = XCConfigurationList;
			buildConfigurations = (
				88B7D10029C593F600490628 /* Debug */,
				88B7D10129C593F600490628 /* Release */,
			);
			defaultConfigurationIsVisible = 0;
			defaultConfigurationName = Release;
		};
/* End XCConfigurationList section */
	};
	rootObject = 88B7D0E329C593F400490628 /* Project object */;
}
